
Microsoft Visual Studio Solution File, Format Version 12.00
# Visual Studio Version 17
VisualStudioVersion = 17.3.32929.385
MinimumVisualStudioVersion = 10.0.40219.1
Project("{888888A0-9F3D-457C-B088-3A5042F75D52}") = "CatBoostApp", "CatBoostApp.pyproj", "{1F5B4AEF-DA4A-47A0-848E-5A1600BDA67B}"
EndProject
Global
	GlobalSection(SolutionConfigurationPlatforms) = preSolution
		Debug|Any CPU = Debug|Any CPU
		Release|Any CPU = Release|Any CPU
	EndGlobalSection
	GlobalSection(ProjectConfigurationPlatforms) = postSolution
		{1F5B4AEF-DA4A-47A0-848E-5A1600BDA67B}.Debug|Any CPU.ActiveCfg = Debug|Any CPU
		{1F5B4AEF-DA4A-47A0-848E-5A1600BDA67B}.Release|Any CPU.ActiveCfg = Release|Any CPU
	EndGlobalSection
	GlobalSection(SolutionProperties) = preSolution
		HideSolutionNode = FALSE
	EndGlobalSection
	GlobalSection(ExtensibilityGlobals) = postSolution
		SolutionGuid = {42927639-6490-4271-98C3-97F4D4E34001}
	EndGlobalSection
EndGlobal
